
Microsoft Visual Studio Solution File, Format Version 12.00
# Visual Studio 15
VisualStudioVersion = 15.0.26124.0
MinimumVisualStudioVersion = 15.0.26124.0
Project("{FAE04EC0-301F-11D3-BF4B-00C04F79EFBC}") = "Domain", "Domain\Domain.csproj", "{495582D1-3FB4-47DB-AA2D-A30AF4740F78}"
EndProject
Project("{FAE04EC0-301F-11D3-BF4B-00C04F79EFBC}") = "Persistence", "Persistence\Persistence.csproj", "{6A5870D2-122E-4C76-B4B0-B562993CF602}"
EndProject
Project("{FAE04EC0-301F-11D3-BF4B-00C04F79EFBC}") = "Application", "Application\Application.csproj", "{CB9C5CB7-F1A5-49EB-94A8-E2F04FAB6A23}"
EndProject
Project("{FAE04EC0-301F-11D3-BF4B-00C04F79EFBC}") = "API", "API\API.csproj", "{4BB52959-71E9-4A0C-B697-8A67C4C84D5D}"
EndProject
Global
	GlobalSection(SolutionConfigurationPlatforms) = preSolution
		Debug|Any CPU = Debug|Any CPU
		Debug|x64 = Debug|x64
		Debug|x86 = Debug|x86
		Release|Any CPU = Release|Any CPU
		Release|x64 = Release|x64
		Release|x86 = Release|x86
	EndGlobalSection
	GlobalSection(SolutionProperties) = preSolution
		HideSolutionNode = FALSE
	EndGlobalSection
	GlobalSection(ProjectConfigurationPlatforms) = postSolution
		{495582D1-3FB4-47DB-AA2D-A30AF4740F78}.Debug|Any CPU.ActiveCfg = Debug|Any CPU
		{495582D1-3FB4-47DB-AA2D-A30AF4740F78}.Debug|Any CPU.Build.0 = Debug|Any CPU
		{495582D1-3FB4-47DB-AA2D-A30AF4740F78}.Debug|x64.ActiveCfg = Debug|Any CPU
		{495582D1-3FB4-47DB-AA2D-A30AF4740F78}.Debug|x64.Build.0 = Debug|Any CPU
		{495582D1-3FB4-47DB-AA2D-A30AF4740F78}.Debug|x86.ActiveCfg = Debug|Any CPU
		{495582D1-3FB4-47DB-AA2D-A30AF4740F78}.Debug|x86.Build.0 = Debug|Any CPU
		{495582D1-3FB4-47DB-AA2D-A30AF4740F78}.Release|Any CPU.ActiveCfg = Release|Any CPU
		{495582D1-3FB4-47DB-AA2D-A30AF4740F78}.Release|Any CPU.Build.0 = Release|Any CPU
		{495582D1-3FB4-47DB-AA2D-A30AF4740F78}.Release|x64.ActiveCfg = Release|Any CPU
		{495582D1-3FB4-47DB-AA2D-A30AF4740F78}.Release|x64.Build.0 = Release|Any CPU
		{495582D1-3FB4-47DB-AA2D-A30AF4740F78}.Release|x86.ActiveCfg = Release|Any CPU
		{495582D1-3FB4-47DB-AA2D-A30AF4740F78}.Release|x86.Build.0 = Release|Any CPU
		{6A5870D2-122E-4C76-B4B0-B562993CF602}.Debug|Any CPU.ActiveCfg = Debug|Any CPU
		{6A5870D2-122E-4C76-B4B0-B562993CF602}.Debug|Any CPU.Build.0 = Debug|Any CPU
		{6A5870D2-122E-4C76-B4B0-B562993CF602}.Debug|x64.ActiveCfg = Debug|Any CPU
		{6A5870D2-122E-4C76-B4B0-B562993CF602}.Debug|x64.Build.0 = Debug|Any CPU
		{6A5870D2-122E-4C76-B4B0-B562993CF602}.Debug|x86.ActiveCfg = Debug|Any CPU
		{6A5870D2-122E-4C76-B4B0-B562993CF602}.Debug|x86.Build.0 = Debug|Any CPU
		{6A5870D2-122E-4C76-B4B0-B562993CF602}.Release|Any CPU.ActiveCfg = Release|Any CPU
		{6A5870D2-122E-4C76-B4B0-B562993CF602}.Release|Any CPU.Build.0 = Release|Any CPU
		{6A5870D2-122E-4C76-B4B0-B562993CF602}.Release|x64.ActiveCfg = Release|Any CPU
		{6A5870D2-122E-4C76-B4B0-B562993CF602}.Release|x64.Build.0 = Release|Any CPU
		{6A5870D2-122E-4C76-B4B0-B562993CF602}.Release|x86.ActiveCfg = Release|Any CPU
		{6A5870D2-122E-4C76-B4B0-B562993CF602}.Release|x86.Build.0 = Release|Any CPU
		{CB9C5CB7-F1A5-49EB-94A8-E2F04FAB6A23}.Debug|Any CPU.ActiveCfg = Debug|Any CPU
		{CB9C5CB7-F1A5-49EB-94A8-E2F04FAB6A23}.Debug|Any CPU.Build.0 = Debug|Any CPU
		{CB9C5CB7-F1A5-49EB-94A8-E2F04FAB6A23}.Debug|x64.ActiveCfg = Debug|Any CPU
		{CB9C5CB7-F1A5-49EB-94A8-E2F04FAB6A23}.Debug|x64.Build.0 = Debug|Any CPU
		{CB9C5CB7-F1A5-49EB-94A8-E2F04FAB6A23}.Debug|x86.ActiveCfg = Debug|Any CPU
		{CB9C5CB7-F1A5-49EB-94A8-E2F04FAB6A23}.Debug|x86.Build.0 = Debug|Any CPU
		{CB9C5CB7-F1A5-49EB-94A8-E2F04FAB6A23}.Release|Any CPU.ActiveCfg = Release|Any CPU
		{CB9C5CB7-F1A5-49EB-94A8-E2F04FAB6A23}.Release|Any CPU.Build.0 = Release|Any CPU
		{CB9C5CB7-F1A5-49EB-94A8-E2F04FAB6A23}.Release|x64.ActiveCfg = Release|Any CPU
		{CB9C5CB7-F1A5-49EB-94A8-E2F04FAB6A23}.Release|x64.Build.0 = Release|Any CPU
		{CB9C5CB7-F1A5-49EB-94A8-E2F04FAB6A23}.Release|x86.ActiveCfg = Release|Any CPU
		{CB9C5CB7-F1A5-49EB-94A8-E2F04FAB6A23}.Release|x86.Build.0 = Release|Any CPU
		{4BB52959-71E9-4A0C-B697-8A67C4C84D5D}.Debug|Any CPU.ActiveCfg = Debug|Any CPU
		{4BB52959-71E9-4A0C-B697-8A67C4C84D5D}.Debug|Any CPU.Build.0 = Debug|Any CPU
		{4BB52959-71E9-4A0C-B697-8A67C4C84D5D}.Debug|x64.ActiveCfg = Debug|Any CPU
		{4BB52959-71E9-4A0C-B697-8A67C4C84D5D}.Debug|x64.Build.0 = Debug|Any CPU
		{4BB52959-71E9-4A0C-B697-8A67C4C84D5D}.Debug|x86.ActiveCfg = Debug|Any CPU
		{4BB52959-71E9-4A0C-B697-8A67C4C84D5D}.Debug|x86.Build.0 = Debug|Any CPU
		{4BB52959-71E9-4A0C-B697-8A67C4C84D5D}.Release|Any CPU.ActiveCfg = Release|Any CPU
		{4BB52959-71E9-4A0C-B697-8A67C4C84D5D}.Release|Any CPU.Build.0 = Release|Any CPU
		{4BB52959-71E9-4A0C-B697-8A67C4C84D5D}.Release|x64.ActiveCfg = Release|Any CPU
		{4BB52959-71E9-4A0C-B697-8A67C4C84D5D}.Release|x64.Build.0 = Release|Any CPU
		{4BB52959-71E9-4A0C-B697-8A67C4C84D5D}.Release|x86.ActiveCfg = Release|Any CPU
		{4BB52959-71E9-4A0C-B697-8A67C4C84D5D}.Release|x86.Build.0 = Release|Any CPU
	EndGlobalSection
EndGlobal
